PODS:
  - RxCocoa (6.1.0):
    - RxRelay (= 6.1.0)
    - RxSwift (= 6.1.0)
  - RxNetworkService (1.0.2):
    - RxCocoa
    - RxSwift
    - SWXMLHash
  - RxRelay (6.1.0):
    - RxSwift (= 6.1.0)
  - RxSwift (6.1.0)
  - SWXMLHash (5.0.1)

DEPENDENCIES:
  - RxCocoa
  - RxNetworkService (from `../`)
  - RxSwift
  - SWXMLHash

SPEC REPOS:
  trunk:
    - RxCocoa
    - RxRelay
    - RxSwift
    - SWXMLHash

EXTERNAL SOURCES:
  RxNetworkService:
    :path: "../"

SPEC CHECKSUMS:
  RxCocoa: 5c51f02d562cbd94629f6c26cf0c80fe4ab8d343
  RxNetworkService: 061756319840f21c7150098f1022c06d7887cc7a
  RxRelay: 483e1a19fad961b41f0b0c0bee506f46c1ae14fe
  RxSwift: a834e5c538e89eca0cae86f403f4fbf0336786ce
  SWXMLHash: 9cc0c2e4807926c74377724aa8722ee5707a0485

PODFILE CHECKSUM: 6fde800f81bee7ac604b35dc81a074cc1199052e

COCOAPODS: 1.10.1
