PODS:
  - RxCocoa (6.1.0):
    - RxRelay (= 6.1.0)
    - RxSwift (= 6.1.0)
  - RxNetworkService (1.2.1):
    - RxCocoa
    - RxSwift
    - SWXMLHash (= 6.0.0)
  - RxRelay (6.1.0):
    - RxSwift (= 6.1.0)
  - RxSwift (6.1.0)
  - SWXMLHash (6.0.0)

DEPENDENCIES:
  - RxCocoa (= 6.1.0)
  - RxNetworkService (from `../`)
  - RxSwift (= 6.1.0)
  - SWXMLHash (= 6.0.0)

SPEC REPOS:
  trunk:
    - RxCocoa
    - RxRelay
    - RxSwift
    - SWXMLHash

EXTERNAL SOURCES:
  RxNetworkService:
    :path: "../"

SPEC CHECKSUMS:
  RxCocoa: 5c51f02d562cbd94629f6c26cf0c80fe4ab8d343
  RxNetworkService: eba9fafc13750d5adae0af151d5e53d07d4aac14
  RxRelay: 483e1a19fad961b41f0b0c0bee506f46c1ae14fe
  RxSwift: a834e5c538e89eca0cae86f403f4fbf0336786ce
  SWXMLHash: 9d851ed3edf48ec2bd0db98f0cda0ad4136d75e3

PODFILE CHECKSUM: 117d1882313b67c9e7596d448d5e46b59b2a5175

COCOAPODS: 1.11.3
